# This file was autogenerated by Stack.
# You should not edit this file by hand.
# For more information, please see the documentation at:
#   https://docs.haskellstack.org/en/stable/lock_files

packages:
- completed:
    hackage: smtp-mail-0.4.0.0@sha256:cabcf06e2b141c00afb14859ee577a5ffcbb7b32a878ef6c26256798f91dafde,1307
    pantry-tree:
      sha256: bfe9576d913ce15a39b713f20dfc1656686d00a8e58fac8f325c600f44ba658a
      size: 450
  original:
    hackage: smtp-mail-0.4.0.0@sha256:cabcf06e2b141c00afb14859ee577a5ffcbb7b32a878ef6c26256798f91dafde,1307
snapshots:
- completed:
    sha256: 6a553c5fa4f211a9b639da5e5359124a93627852dd9967bed202fdd71b25f15e
    size: 720021
    url: https://raw.githubusercontent.com/commercialhaskell/stackage-snapshots/master/lts/22/36.yaml
  original:
    url: https://raw.githubusercontent.com/commercialhaskell/stackage-snapshots/master/lts/22/36.yaml
